
Microsoft Visual Studio Solution File, Format Version 12.00
# Visual Studio Version 17
VisualStudioVersion = 17.14.36518.9 d17.14
MinimumVisualStudioVersion = 10.0.40219.1
Project("{FAE04EC0-301F-11D3-BF4B-00C04F79EFBC}") = "lab5 while", "lab5 while\lab5 while.csproj", "{FFB9E39F-E5B5-42E5-96C4-1DA8CE48F134}"
EndProject
Global
	GlobalSection(SolutionConfigurationPlatforms) = preSolution
		Debug|Any CPU = Debug|Any CPU
		Release|Any CPU = Release|Any CPU
	EndGlobalSection
	GlobalSection(ProjectConfigurationPlatforms) = postSolution
		{FFB9E39F-E5B5-42E5-96C4-1DA8CE48F134}.Debug|Any CPU.ActiveCfg = Debug|Any CPU
		{FFB9E39F-E5B5-42E5-96C4-1DA8CE48F134}.Debug|Any CPU.Build.0 = Debug|Any CPU
		{FFB9E39F-E5B5-42E5-96C4-1DA8CE48F134}.Release|Any CPU.ActiveCfg = Release|Any CPU
		{FFB9E39F-E5B5-42E5-96C4-1DA8CE48F134}.Release|Any CPU.Build.0 = Release|Any CPU
	EndGlobalSection
	GlobalSection(SolutionProperties) = preSolution
		HideSolutionNode = FALSE
	EndGlobalSection
	GlobalSection(ExtensibilityGlobals) = postSolution
		SolutionGuid = {5C28DF99-2C51-43DE-960E-D1328617D109}
	EndGlobalSection
EndGlobal
