
Microsoft Visual Studio Solution File, Format Version 12.00
# Visual Studio Version 17
VisualStudioVersion = 17.14.36518.9 d17.14
MinimumVisualStudioVersion = 10.0.40219.1
Project("{FAE04EC0-301F-11D3-BF4B-00C04F79EFBC}") = "lab5", "lab5\lab5.csproj", "{8B28D765-9DF7-41C8-A59C-816B0D8CADF8}"
EndProject
Global
	GlobalSection(SolutionConfigurationPlatforms) = preSolution
		Debug|Any CPU = Debug|Any CPU
		Release|Any CPU = Release|Any CPU
	EndGlobalSection
	GlobalSection(ProjectConfigurationPlatforms) = postSolution
		{8B28D765-9DF7-41C8-A59C-816B0D8CADF8}.Debug|Any CPU.ActiveCfg = Debug|Any CPU
		{8B28D765-9DF7-41C8-A59C-816B0D8CADF8}.Debug|Any CPU.Build.0 = Debug|Any CPU
		{8B28D765-9DF7-41C8-A59C-816B0D8CADF8}.Release|Any CPU.ActiveCfg = Release|Any CPU
		{8B28D765-9DF7-41C8-A59C-816B0D8CADF8}.Release|Any CPU.Build.0 = Release|Any CPU
	EndGlobalSection
	GlobalSection(SolutionProperties) = preSolution
		HideSolutionNode = FALSE
	EndGlobalSection
	GlobalSection(ExtensibilityGlobals) = postSolution
		SolutionGuid = {4E88607C-941B-4A3E-9694-B9523E73EDC2}
	EndGlobalSection
EndGlobal
